
Microsoft Visual Studio Solution File, Format Version 12.00
# Visual Studio Version 17
VisualStudioVersion = 17.11.35303.130
MinimumVisualStudioVersion = 10.0.40219.1
Project("{2150E333-8FDC-42A3-9474-1A3956D46DE8}") = "GameSessionService", "GameSessionService", "{8783442C-00CE-47FD-B3AD-F5986AF6D482}"
EndProject
Project("{2150E333-8FDC-42A3-9474-1A3956D46DE8}") = "PlayerService", "PlayerService", "{4369016D-7524-4CF9-9740-8D4DC9CE1ED3}"
EndProject
Project("{2150E333-8FDC-42A3-9474-1A3956D46DE8}") = "MatchmakingService", "MatchmakingService", "{E1F87EF6-3373-4151-B574-D94B016A1179}"
EndProject
Project("{9A19103F-16F7-4668-BE54-9A1E7A4F7556}") = "GameSession.API", "GameSessionService\API\GameSession.API.csproj", "{ED1AA7B8-FC94-4CC0-92DB-3EBDC20C1D8F}"
EndProject
Project("{9A19103F-16F7-4668-BE54-9A1E7A4F7556}") = "GameSession.Application", "GameSessionService\Application\GameSession.Application.csproj", "{DF6B1E45-7733-477C-B321-8BB39FEA88A0}"
EndProject
Project("{9A19103F-16F7-4668-BE54-9A1E7A4F7556}") = "GameSession.Contracts", "GameSessionService\Contracts\GameSession.Contracts.csproj", "{D96AF7B9-2453-471A-A298-6D4BA0FAFB33}"
EndProject
Project("{9A19103F-16F7-4668-BE54-9A1E7A4F7556}") = "GameSession.Domain", "GameSessionService\Domain\GameSession.Domain.csproj", "{94F0F221-4D5E-4093-8DDF-5F1681ABB85B}"
EndProject
Project("{9A19103F-16F7-4668-BE54-9A1E7A4F7556}") = "GameSession.Infrastructure", "GameSessionService\Infrastructure\GameSession.Infrastructure.csproj", "{199F8E2A-C587-450A-8ED6-AF0A2DEF16A0}"
EndProject
Project("{9A19103F-16F7-4668-BE54-9A1E7A4F7556}") = "Match.Service", "MatchMakingService\API\Match.Service.csproj", "{BBB740EF-00B9-4465-8D8A-8E5A4B8801B8}"
EndProject
Project("{9A19103F-16F7-4668-BE54-9A1E7A4F7556}") = "Match.Application", "MatchMakingService\Application\Match.Application.csproj", "{B2E35FBB-48EE-42AB-86B2-D3F928F68E51}"
EndProject
Project("{9A19103F-16F7-4668-BE54-9A1E7A4F7556}") = "Match.Contracts", "MatchMakingService\Contracts\Match.Contracts.csproj", "{0E786EFC-CE20-4706-9D27-DAEB8354793B}"
EndProject
Project("{9A19103F-16F7-4668-BE54-9A1E7A4F7556}") = "Match.Domain", "MatchMakingService\Domain\Match.Domain.csproj", "{AB840827-ACB2-4035-AEB2-499BCF55B7C0}"
EndProject
Project("{9A19103F-16F7-4668-BE54-9A1E7A4F7556}") = "Match.Infrastructure", "MatchMakingService\Infrastructure\Match.Infrastructure.csproj", "{5A01F861-FC71-4FAD-BCF0-D11E05EDE070}"
EndProject
Project("{9A19103F-16F7-4668-BE54-9A1E7A4F7556}") = "Player.API", "PlayerService\API\Player.API.csproj", "{5D4B6E81-6872-418D-B3BF-18E43184C808}"
EndProject
Project("{9A19103F-16F7-4668-BE54-9A1E7A4F7556}") = "Player.Application", "PlayerService\Application\Player.Application.csproj", "{C213975B-50D2-47ED-B531-B5AFDB367E05}"
EndProject
Project("{9A19103F-16F7-4668-BE54-9A1E7A4F7556}") = "Player.Contracts", "PlayerService\Contracts\Player.Contracts.csproj", "{7C3E7266-F558-401D-9CFA-D3D6E7BB12B2}"
EndProject
Project("{9A19103F-16F7-4668-BE54-9A1E7A4F7556}") = "Player.Domain", "PlayerService\Domain\Player.Domain.csproj", "{F53410F8-3BBC-4506-97B7-F6BB2C1CDA47}"
EndProject
Project("{9A19103F-16F7-4668-BE54-9A1E7A4F7556}") = "Player.Infrastructure", "PlayerService\Infrastructure\Player.Infrastructure.csproj", "{B86556CD-0C24-402E-B3F4-0B000A470C89}"
EndProject
Project("{2150E333-8FDC-42A3-9474-1A3956D46DE8}") = "GameDomainService", "GameDomainService", "{3D4C43B7-81C9-40DE-A645-270A5D6139A5}"
EndProject
Project("{9A19103F-16F7-4668-BE54-9A1E7A4F7556}") = "Game.API", "GameService\API\Game.API.csproj", "{A09B105E-C4D8-436C-B0B3-D236C28E0B10}"
EndProject
Project("{9A19103F-16F7-4668-BE54-9A1E7A4F7556}") = "Game.Application", "GameService\Application\Game.Application.csproj", "{291F39E4-3463-4453-A8AE-D84A8DA2C8FA}"
EndProject
Project("{9A19103F-16F7-4668-BE54-9A1E7A4F7556}") = "Game.Contracts", "GameService\Contracts\Game.Contracts.csproj", "{8C1A914F-2239-45ED-A51D-A889A97FC0AC}"
EndProject
Project("{9A19103F-16F7-4668-BE54-9A1E7A4F7556}") = "Game.Domain", "GameService\Domain\Game.Domain.csproj", "{6C94E58F-E87B-4D5C-A016-DD7598730132}"
EndProject
Project("{9A19103F-16F7-4668-BE54-9A1E7A4F7556}") = "Game.Infrastructure", "GameService\Infrastructure\Game.Infrastructure.csproj", "{4D03BBD1-D02F-49CD-ACBF-F12FA36C1678}"
EndProject
Global
	GlobalSection(SolutionConfigurationPlatforms) = preSolution
		Debug|Any CPU = Debug|Any CPU
		Release|Any CPU = Release|Any CPU
	EndGlobalSection
	GlobalSection(ProjectConfigurationPlatforms) = postSolution
		{ED1AA7B8-FC94-4CC0-92DB-3EBDC20C1D8F}.Debug|Any CPU.ActiveCfg = Debug|Any CPU
		{ED1AA7B8-FC94-4CC0-92DB-3EBDC20C1D8F}.Debug|Any CPU.Build.0 = Debug|Any CPU
		{ED1AA7B8-FC94-4CC0-92DB-3EBDC20C1D8F}.Release|Any CPU.ActiveCfg = Release|Any CPU
		{ED1AA7B8-FC94-4CC0-92DB-3EBDC20C1D8F}.Release|Any CPU.Build.0 = Release|Any CPU
		{DF6B1E45-7733-477C-B321-8BB39FEA88A0}.Debug|Any CPU.ActiveCfg = Debug|Any CPU
		{DF6B1E45-7733-477C-B321-8BB39FEA88A0}.Debug|Any CPU.Build.0 = Debug|Any CPU
		{DF6B1E45-7733-477C-B321-8BB39FEA88A0}.Release|Any CPU.ActiveCfg = Release|Any CPU
		{DF6B1E45-7733-477C-B321-8BB39FEA88A0}.Release|Any CPU.Build.0 = Release|Any CPU
		{D96AF7B9-2453-471A-A298-6D4BA0FAFB33}.Debug|Any CPU.ActiveCfg = Debug|Any CPU
		{D96AF7B9-2453-471A-A298-6D4BA0FAFB33}.Debug|Any CPU.Build.0 = Debug|Any CPU
		{D96AF7B9-2453-471A-A298-6D4BA0FAFB33}.Release|Any CPU.ActiveCfg = Release|Any CPU
		{D96AF7B9-2453-471A-A298-6D4BA0FAFB33}.Release|Any CPU.Build.0 = Release|Any CPU
		{94F0F221-4D5E-4093-8DDF-5F1681ABB85B}.Debug|Any CPU.ActiveCfg = Debug|Any CPU
		{94F0F221-4D5E-4093-8DDF-5F1681ABB85B}.Debug|Any CPU.Build.0 = Debug|Any CPU
		{94F0F221-4D5E-4093-8DDF-5F1681ABB85B}.Release|Any CPU.ActiveCfg = Release|Any CPU
		{94F0F221-4D5E-4093-8DDF-5F1681ABB85B}.Release|Any CPU.Build.0 = Release|Any CPU
		{199F8E2A-C587-450A-8ED6-AF0A2DEF16A0}.Debug|Any CPU.ActiveCfg = Debug|Any CPU
		{199F8E2A-C587-450A-8ED6-AF0A2DEF16A0}.Debug|Any CPU.Build.0 = Debug|Any CPU
		{199F8E2A-C587-450A-8ED6-AF0A2DEF16A0}.Release|Any CPU.ActiveCfg = Release|Any CPU
		{199F8E2A-C587-450A-8ED6-AF0A2DEF16A0}.Release|Any CPU.Build.0 = Release|Any CPU
		{BBB740EF-00B9-4465-8D8A-8E5A4B8801B8}.Debug|Any CPU.ActiveCfg = Debug|Any CPU
		{BBB740EF-00B9-4465-8D8A-8E5A4B8801B8}.Debug|Any CPU.Build.0 = Debug|Any CPU
		{BBB740EF-00B9-4465-8D8A-8E5A4B8801B8}.Release|Any CPU.ActiveCfg = Release|Any CPU
		{BBB740EF-00B9-4465-8D8A-8E5A4B8801B8}.Release|Any CPU.Build.0 = Release|Any CPU
		{B2E35FBB-48EE-42AB-86B2-D3F928F68E51}.Debug|Any CPU.ActiveCfg = Debug|Any CPU
		{B2E35FBB-48EE-42AB-86B2-D3F928F68E51}.Debug|Any CPU.Build.0 = Debug|Any CPU
		{B2E35FBB-48EE-42AB-86B2-D3F928F68E51}.Release|Any CPU.ActiveCfg = Release|Any CPU
		{B2E35FBB-48EE-42AB-86B2-D3F928F68E51}.Release|Any CPU.Build.0 = Release|Any CPU
		{0E786EFC-CE20-4706-9D27-DAEB8354793B}.Debug|Any CPU.ActiveCfg = Debug|Any CPU
		{0E786EFC-CE20-4706-9D27-DAEB8354793B}.Debug|Any CPU.Build.0 = Debug|Any CPU
		{0E786EFC-CE20-4706-9D27-DAEB8354793B}.Release|Any CPU.ActiveCfg = Release|Any CPU
		{0E786EFC-CE20-4706-9D27-DAEB8354793B}.Release|Any CPU.Build.0 = Release|Any CPU
		{AB840827-ACB2-4035-AEB2-499BCF55B7C0}.Debug|Any CPU.ActiveCfg = Debug|Any CPU
		{AB840827-ACB2-4035-AEB2-499BCF55B7C0}.Debug|Any CPU.Build.0 = Debug|Any CPU
		{AB840827-ACB2-4035-AEB2-499BCF55B7C0}.Release|Any CPU.ActiveCfg = Release|Any CPU
		{AB840827-ACB2-4035-AEB2-499BCF55B7C0}.Release|Any CPU.Build.0 = Release|Any CPU
		{5A01F861-FC71-4FAD-BCF0-D11E05EDE070}.Debug|Any CPU.ActiveCfg = Debug|Any CPU
		{5A01F861-FC71-4FAD-BCF0-D11E05EDE070}.Debug|Any CPU.Build.0 = Debug|Any CPU
		{5A01F861-FC71-4FAD-BCF0-D11E05EDE070}.Release|Any CPU.ActiveCfg = Release|Any CPU
		{5A01F861-FC71-4FAD-BCF0-D11E05EDE070}.Release|Any CPU.Build.0 = Release|Any CPU
		{5D4B6E81-6872-418D-B3BF-18E43184C808}.Debug|Any CPU.ActiveCfg = Debug|Any CPU
		{5D4B6E81-6872-418D-B3BF-18E43184C808}.Debug|Any CPU.Build.0 = Debug|Any CPU
		{5D4B6E81-6872-418D-B3BF-18E43184C808}.Release|Any CPU.ActiveCfg = Release|Any CPU
		{5D4B6E81-6872-418D-B3BF-18E43184C808}.Release|Any CPU.Build.0 = Release|Any CPU
		{C213975B-50D2-47ED-B531-B5AFDB367E05}.Debug|Any CPU.ActiveCfg = Debug|Any CPU
		{C213975B-50D2-47ED-B531-B5AFDB367E05}.Debug|Any CPU.Build.0 = Debug|Any CPU
		{C213975B-50D2-47ED-B531-B5AFDB367E05}.Release|Any CPU.ActiveCfg = Release|Any CPU
		{C213975B-50D2-47ED-B531-B5AFDB367E05}.Release|Any CPU.Build.0 = Release|Any CPU
		{7C3E7266-F558-401D-9CFA-D3D6E7BB12B2}.Debug|Any CPU.ActiveCfg = Debug|Any CPU
		{7C3E7266-F558-401D-9CFA-D3D6E7BB12B2}.Debug|Any CPU.Build.0 = Debug|Any CPU
		{7C3E7266-F558-401D-9CFA-D3D6E7BB12B2}.Release|Any CPU.ActiveCfg = Release|Any CPU
		{7C3E7266-F558-401D-9CFA-D3D6E7BB12B2}.Release|Any CPU.Build.0 = Release|Any CPU
		{F53410F8-3BBC-4506-97B7-F6BB2C1CDA47}.Debug|Any CPU.ActiveCfg = Debug|Any CPU
		{F53410F8-3BBC-4506-97B7-F6BB2C1CDA47}.Debug|Any CPU.Build.0 = Debug|Any CPU
		{F53410F8-3BBC-4506-97B7-F6BB2C1CDA47}.Release|Any CPU.ActiveCfg = Release|Any CPU
		{F53410F8-3BBC-4506-97B7-F6BB2C1CDA47}.Release|Any CPU.Build.0 = Release|Any CPU
		{B86556CD-0C24-402E-B3F4-0B000A470C89}.Debug|Any CPU.ActiveCfg = Debug|Any CPU
		{B86556CD-0C24-402E-B3F4-0B000A470C89}.Debug|Any CPU.Build.0 = Debug|Any CPU
		{B86556CD-0C24-402E-B3F4-0B000A470C89}.Release|Any CPU.ActiveCfg = Release|Any CPU
		{B86556CD-0C24-402E-B3F4-0B000A470C89}.Release|Any CPU.Build.0 = Release|Any CPU
		{A09B105E-C4D8-436C-B0B3-D236C28E0B10}.Debug|Any CPU.ActiveCfg = Debug|Any CPU
		{A09B105E-C4D8-436C-B0B3-D236C28E0B10}.Debug|Any CPU.Build.0 = Debug|Any CPU
		{A09B105E-C4D8-436C-B0B3-D236C28E0B10}.Release|Any CPU.ActiveCfg = Release|Any CPU
		{A09B105E-C4D8-436C-B0B3-D236C28E0B10}.Release|Any CPU.Build.0 = Release|Any CPU
		{291F39E4-3463-4453-A8AE-D84A8DA2C8FA}.Debug|Any CPU.ActiveCfg = Debug|Any CPU
		{291F39E4-3463-4453-A8AE-D84A8DA2C8FA}.Debug|Any CPU.Build.0 = Debug|Any CPU
		{291F39E4-3463-4453-A8AE-D84A8DA2C8FA}.Release|Any CPU.ActiveCfg = Release|Any CPU
		{291F39E4-3463-4453-A8AE-D84A8DA2C8FA}.Release|Any CPU.Build.0 = Release|Any CPU
		{8C1A914F-2239-45ED-A51D-A889A97FC0AC}.Debug|Any CPU.ActiveCfg = Debug|Any CPU
		{8C1A914F-2239-45ED-A51D-A889A97FC0AC}.Debug|Any CPU.Build.0 = Debug|Any CPU
		{8C1A914F-2239-45ED-A51D-A889A97FC0AC}.Release|Any CPU.ActiveCfg = Release|Any CPU
		{8C1A914F-2239-45ED-A51D-A889A97FC0AC}.Release|Any CPU.Build.0 = Release|Any CPU
		{6C94E58F-E87B-4D5C-A016-DD7598730132}.Debug|Any CPU.ActiveCfg = Debug|Any CPU
		{6C94E58F-E87B-4D5C-A016-DD7598730132}.Debug|Any CPU.Build.0 = Debug|Any CPU
		{6C94E58F-E87B-4D5C-A016-DD7598730132}.Release|Any CPU.ActiveCfg = Release|Any CPU
		{6C94E58F-E87B-4D5C-A016-DD7598730132}.Release|Any CPU.Build.0 = Release|Any CPU
		{4D03BBD1-D02F-49CD-ACBF-F12FA36C1678}.Debug|Any CPU.ActiveCfg = Debug|Any CPU
		{4D03BBD1-D02F-49CD-ACBF-F12FA36C1678}.Debug|Any CPU.Build.0 = Debug|Any CPU
		{4D03BBD1-D02F-49CD-ACBF-F12FA36C1678}.Release|Any CPU.ActiveCfg = Release|Any CPU
		{4D03BBD1-D02F-49CD-ACBF-F12FA36C1678}.Release|Any CPU.Build.0 = Release|Any CPU
	EndGlobalSection
	GlobalSection(SolutionProperties) = preSolution
		HideSolutionNode = FALSE
	EndGlobalSection
	GlobalSection(NestedProjects) = preSolution
		{ED1AA7B8-FC94-4CC0-92DB-3EBDC20C1D8F} = {8783442C-00CE-47FD-B3AD-F5986AF6D482}
		{DF6B1E45-7733-477C-B321-8BB39FEA88A0} = {8783442C-00CE-47FD-B3AD-F5986AF6D482}
		{D96AF7B9-2453-471A-A298-6D4BA0FAFB33} = {8783442C-00CE-47FD-B3AD-F5986AF6D482}
		{94F0F221-4D5E-4093-8DDF-5F1681ABB85B} = {8783442C-00CE-47FD-B3AD-F5986AF6D482}
		{199F8E2A-C587-450A-8ED6-AF0A2DEF16A0} = {8783442C-00CE-47FD-B3AD-F5986AF6D482}
		{BBB740EF-00B9-4465-8D8A-8E5A4B8801B8} = {E1F87EF6-3373-4151-B574-D94B016A1179}
		{B2E35FBB-48EE-42AB-86B2-D3F928F68E51} = {E1F87EF6-3373-4151-B574-D94B016A1179}
		{0E786EFC-CE20-4706-9D27-DAEB8354793B} = {E1F87EF6-3373-4151-B574-D94B016A1179}
		{AB840827-ACB2-4035-AEB2-499BCF55B7C0} = {E1F87EF6-3373-4151-B574-D94B016A1179}
		{5A01F861-FC71-4FAD-BCF0-D11E05EDE070} = {E1F87EF6-3373-4151-B574-D94B016A1179}
		{5D4B6E81-6872-418D-B3BF-18E43184C808} = {4369016D-7524-4CF9-9740-8D4DC9CE1ED3}
		{C213975B-50D2-47ED-B531-B5AFDB367E05} = {4369016D-7524-4CF9-9740-8D4DC9CE1ED3}
		{7C3E7266-F558-401D-9CFA-D3D6E7BB12B2} = {4369016D-7524-4CF9-9740-8D4DC9CE1ED3}
		{F53410F8-3BBC-4506-97B7-F6BB2C1CDA47} = {4369016D-7524-4CF9-9740-8D4DC9CE1ED3}
		{B86556CD-0C24-402E-B3F4-0B000A470C89} = {4369016D-7524-4CF9-9740-8D4DC9CE1ED3}
		{A09B105E-C4D8-436C-B0B3-D236C28E0B10} = {3D4C43B7-81C9-40DE-A645-270A5D6139A5}
		{291F39E4-3463-4453-A8AE-D84A8DA2C8FA} = {3D4C43B7-81C9-40DE-A645-270A5D6139A5}
		{8C1A914F-2239-45ED-A51D-A889A97FC0AC} = {3D4C43B7-81C9-40DE-A645-270A5D6139A5}
		{6C94E58F-E87B-4D5C-A016-DD7598730132} = {3D4C43B7-81C9-40DE-A645-270A5D6139A5}
		{4D03BBD1-D02F-49CD-ACBF-F12FA36C1678} = {3D4C43B7-81C9-40DE-A645-270A5D6139A5}
	EndGlobalSection
	GlobalSection(ExtensibilityGlobals) = postSolution
		SolutionGuid = {033A93E8-8ECA-48E2-9274-7EEC1FC7E160}
	EndGlobalSection
EndGlobal
